
Microsoft Visual Studio Solution File, Format Version 12.00
# Visual Studio Version 17
VisualStudioVersion = 17.12.35417.141
MinimumVisualStudioVersion = 10.0.40219.1
Project("{FAE04EC0-301F-11D3-BF4B-00C04F79EFBC}") = "Logic", "Logic\Logic.csproj", "{A5E533DC-DDFE-4C11-AB76-E7DDEF217A1B}"
EndProject
Project("{FAE04EC0-301F-11D3-BF4B-00C04F79EFBC}") = "IndexMethod", "IndexMethod\IndexMethod.csproj", "{61DC9158-68D8-455E-B709-16490FE18814}"
EndProject
Project("{FAE04EC0-301F-11D3-BF4B-00C04F79EFBC}") = "SQLAndLINQwithEF", "SQLAndLINQwithEF\SQLAndLINQwithEF.csproj", "{1FE456F6-5A85-4DB4-9511-25F3EACCFDDF}"
EndProject
Project("{FAE04EC0-301F-11D3-BF4B-00C04F79EFBC}") = "FakeData", "FakeData\FakeData.csproj", "{77AF7790-B80A-4754-9606-BE6718B688BC}"
EndProject
Project("{FAE04EC0-301F-11D3-BF4B-00C04F79EFBC}") = "ExplicitOperator", "ExplicitOperator\ExplicitOperator.csproj", "{23AA4039-C286-4040-9813-C07FF5555916}"
EndProject
Global
	GlobalSection(SolutionConfigurationPlatforms) = preSolution
		Debug|Any CPU = Debug|Any CPU
		Release|Any CPU = Release|Any CPU
	EndGlobalSection
	GlobalSection(ProjectConfigurationPlatforms) = postSolution
		{A5E533DC-DDFE-4C11-AB76-E7DDEF217A1B}.Debug|Any CPU.ActiveCfg = Debug|Any CPU
		{A5E533DC-DDFE-4C11-AB76-E7DDEF217A1B}.Debug|Any CPU.Build.0 = Debug|Any CPU
		{A5E533DC-DDFE-4C11-AB76-E7DDEF217A1B}.Release|Any CPU.ActiveCfg = Release|Any CPU
		{A5E533DC-DDFE-4C11-AB76-E7DDEF217A1B}.Release|Any CPU.Build.0 = Release|Any CPU
		{61DC9158-68D8-455E-B709-16490FE18814}.Debug|Any CPU.ActiveCfg = Debug|Any CPU
		{61DC9158-68D8-455E-B709-16490FE18814}.Debug|Any CPU.Build.0 = Debug|Any CPU
		{61DC9158-68D8-455E-B709-16490FE18814}.Release|Any CPU.ActiveCfg = Release|Any CPU
		{61DC9158-68D8-455E-B709-16490FE18814}.Release|Any CPU.Build.0 = Release|Any CPU
		{1FE456F6-5A85-4DB4-9511-25F3EACCFDDF}.Debug|Any CPU.ActiveCfg = Debug|Any CPU
		{1FE456F6-5A85-4DB4-9511-25F3EACCFDDF}.Debug|Any CPU.Build.0 = Debug|Any CPU
		{1FE456F6-5A85-4DB4-9511-25F3EACCFDDF}.Release|Any CPU.ActiveCfg = Release|Any CPU
		{1FE456F6-5A85-4DB4-9511-25F3EACCFDDF}.Release|Any CPU.Build.0 = Release|Any CPU
		{77AF7790-B80A-4754-9606-BE6718B688BC}.Debug|Any CPU.ActiveCfg = Debug|Any CPU
		{77AF7790-B80A-4754-9606-BE6718B688BC}.Debug|Any CPU.Build.0 = Debug|Any CPU
		{77AF7790-B80A-4754-9606-BE6718B688BC}.Release|Any CPU.ActiveCfg = Release|Any CPU
		{77AF7790-B80A-4754-9606-BE6718B688BC}.Release|Any CPU.Build.0 = Release|Any CPU
		{23AA4039-C286-4040-9813-C07FF5555916}.Debug|Any CPU.ActiveCfg = Debug|Any CPU
		{23AA4039-C286-4040-9813-C07FF5555916}.Debug|Any CPU.Build.0 = Debug|Any CPU
		{23AA4039-C286-4040-9813-C07FF5555916}.Release|Any CPU.ActiveCfg = Release|Any CPU
		{23AA4039-C286-4040-9813-C07FF5555916}.Release|Any CPU.Build.0 = Release|Any CPU
	EndGlobalSection
	GlobalSection(SolutionProperties) = preSolution
		HideSolutionNode = FALSE
	EndGlobalSection
EndGlobal
